{
  "name": "process-nn",
  "lockfileVersion": 3,
  "requires": true,
  "packages": {
    "": {
      "name": "process-nn",
      "devDependencies": {
        "playwright": "1.58.0"
      }
    },
    "node_modules/playwright": {
      "version": "1.58.0",
      "dev": true,
      "license": "Apache-2.0",
      "dependencies": {
        "playwright-core": "1.58.0"
      },
      "bin": {
        "playwright": "cli.js"
      },
      "engines": {
        "node": ">=18"
      },
      "optionalDependencies": {
        "fsevents": "2.3.2"
      }
    },
    "node_modules/playwright-core": {
      "version": "1.58.0",
      "dev": true,
      "license": "Apache-2.0",
      "bin": {
        "playwright-core": "cli.js"
      },
      "engines": {
        "node": ">=18"
      }
    }
  }
}
